// !$*UTF8*$!
{
	archiveVersion = 1;
	classes = {
	};
	objectVersion = 56;
	objects = {

/* Begin PBXBuildFile section */
		B0000000000000000001 /* WebViewApp.swift in Sources */ = {isa = PBXBuildFile; fileRef = F0000000000000000001 /* WebViewApp.swift */; };
		B0000000000000000002 /* ContentView.swift in Sources */ = {isa = PBXBuildFile; fileRef = F0000000000000000002 /* ContentView.swift */; };
		B0000000000000000003 /* BrowserView.swift in Sources */ = {isa = PBXBuildFile; fileRef = F0000000000000000003 /* BrowserView.swift */; };
		B0000000000000000004 /* WebView.swift in Sources */ = {isa = PBXBuildFile; fileRef = F0000000000000000004 /* WebView.swift */; };
		B0000000000000000005 /* RecentsStore.swift in Sources */ = {isa = PBXBuildFile; fileRef = F0000000000000000005 /* RecentsStore.swift */; };
		B0000000000000000006 /* DocumentPicker.swift in Sources */ = {isa = PBXBuildFile; fileRef = F0000000000000000006 /* DocumentPicker.swift */; };
		B0000000000000000007 /* Assets.xcassets in Resources */ = {isa = PBXBuildFile; fileRef = F0000000000000000007 /* Assets.xcassets */; };
		B0000000000000000008 /* RevealSlideDocument.swift in Sources */ = {isa = PBXBuildFile; fileRef = F000000000000000000A /* RevealSlideDocument.swift */; };
		B0000000000000000009 /* SlideEditorViewModel.swift in Sources */ = {isa = PBXBuildFile; fileRef = F000000000000000000B /* SlideEditorViewModel.swift */; };
		B000000000000000000A /* SlideEditorView.swift in Sources */ = {isa = PBXBuildFile; fileRef = F000000000000000000C /* SlideEditorView.swift */; };
		B000000000000000000B /* DocumentWorkspaceView.swift in Sources */ = {isa = PBXBuildFile; fileRef = F000000000000000000D /* DocumentWorkspaceView.swift */; };
		B000000000000000000C /* SlideLayoutMetrics.swift in Sources */ = {isa = PBXBuildFile; fileRef = F000000000000000000E /* SlideLayoutMetrics.swift */; };
		B000000000000000000D /* SlideDeckPreviewView.swift in Sources */ = {isa = PBXBuildFile; fileRef = F000000000000000000F /* SlideDeckPreviewView.swift */; };
/* End PBXBuildFile section */

/* Begin PBXFileReference section */
		F0000000000000000001 /* WebViewApp.swift */ = {isa = PBXFileReference; lastKnownFileType = sourcecode.swift; path = WebViewApp.swift; sourceTree = "<group>"; };
		F0000000000000000002 /* ContentView.swift */ = {isa = PBXFileReference; lastKnownFileType = sourcecode.swift; path = ContentView.swift; sourceTree = "<group>"; };
		F0000000000000000003 /* BrowserView.swift */ = {isa = PBXFileReference; lastKnownFileType = sourcecode.swift; path = BrowserView.swift; sourceTree = "<group>"; };
		F0000000000000000004 /* WebView.swift */ = {isa = PBXFileReference; lastKnownFileType = sourcecode.swift; path = WebView.swift; sourceTree = "<group>"; };
		F0000000000000000005 /* RecentsStore.swift */ = {isa = PBXFileReference; lastKnownFileType = sourcecode.swift; path = RecentsStore.swift; sourceTree = "<group>"; };
		F0000000000000000006 /* DocumentPicker.swift */ = {isa = PBXFileReference; lastKnownFileType = sourcecode.swift; path = DocumentPicker.swift; sourceTree = "<group>"; };
		F0000000000000000007 /* Assets.xcassets */ = {isa = PBXFileReference; lastKnownFileType = folder.assetcatalog; path = Assets.xcassets; sourceTree = "<group>"; };
		F0000000000000000008 /* Info.plist */ = {isa = PBXFileReference; lastKnownFileType = text.plist.xml; path = Info.plist; sourceTree = "<group>"; };
		F0000000000000000009 /* WebView.app */ = {isa = PBXFileReference; explicitFileType = wrapper.application; includeInIndex = 0; path = WebView.app; sourceTree = BUILT_PRODUCTS_DIR; };
		F000000000000000000A /* RevealSlideDocument.swift */ = {isa = PBXFileReference; lastKnownFileType = sourcecode.swift; path = RevealSlideDocument.swift; sourceTree = "<group>"; };
		F000000000000000000B /* SlideEditorViewModel.swift */ = {isa = PBXFileReference; lastKnownFileType = sourcecode.swift; path = SlideEditorViewModel.swift; sourceTree = "<group>"; };
		F000000000000000000C /* SlideEditorView.swift */ = {isa = PBXFileReference; lastKnownFileType = sourcecode.swift; path = SlideEditorView.swift; sourceTree = "<group>"; };
		F000000000000000000D /* DocumentWorkspaceView.swift */ = {isa = PBXFileReference; lastKnownFileType = sourcecode.swift; path = DocumentWorkspaceView.swift; sourceTree = "<group>"; };
		F000000000000000000E /* SlideLayoutMetrics.swift */ = {isa = PBXFileReference; lastKnownFileType = sourcecode.swift; path = SlideLayoutMetrics.swift; sourceTree = "<group>"; };
		F000000000000000000F /* SlideDeckPreviewView.swift */ = {isa = PBXFileReference; lastKnownFileType = sourcecode.swift; path = SlideDeckPreviewView.swift; sourceTree = "<group>"; };
/* End PBXFileReference section */

/* Begin PBXFrameworksBuildPhase section */
		P0000000000000000002 /* Frameworks */ = {
			isa = PBXFrameworksBuildPhase;
			buildActionMask = 2147483647;
			files = (
			);
			runOnlyForDeploymentPostprocessing = 0;
		};
/* End PBXFrameworksBuildPhase section */

/* Begin PBXGroup section */
		G0000000000000000000 = {
			isa = PBXGroup;
			children = (
				G0000000000000000001 /* WebView */,
				G0000000000000000002 /* Products */,
			);
			sourceTree = "<group>";
		};
		G0000000000000000001 /* WebView */ = {
			isa = PBXGroup;
			children = (
				F0000000000000000001 /* WebViewApp.swift */,
				F0000000000000000002 /* ContentView.swift */,
				F0000000000000000003 /* BrowserView.swift */,
				F0000000000000000004 /* WebView.swift */,
				F0000000000000000005 /* RecentsStore.swift */,
				F0000000000000000006 /* DocumentPicker.swift */,
				F000000000000000000A /* RevealSlideDocument.swift */,
				F000000000000000000B /* SlideEditorViewModel.swift */,
				F000000000000000000C /* SlideEditorView.swift */,
				F000000000000000000D /* DocumentWorkspaceView.swift */,
				F000000000000000000E /* SlideLayoutMetrics.swift */,
				F000000000000000000F /* SlideDeckPreviewView.swift */,
				F0000000000000000007 /* Assets.xcassets */,
				F0000000000000000008 /* Info.plist */,
			);
			path = WebView;
			sourceTree = "<group>";
		};
		G0000000000000000002 /* Products */ = {
			isa = PBXGroup;
			children = (
				F0000000000000000009 /* WebView.app */,
			);
			name = Products;
			sourceTree = "<group>";
		};
/* End PBXGroup section */

/* Begin PBXNativeTarget section */
		T0000000000000000001 /* WebView */ = {
			isa = PBXNativeTarget;
			buildConfigurationList = CL000000000000000002 /* Build configuration list for PBXNativeTarget "WebView" */;
			buildPhases = (
				P0000000000000000001 /* Sources */,
				P0000000000000000002 /* Frameworks */,
				P0000000000000000003 /* Resources */,
			);
			buildRules = (
			);
			dependencies = (
			);
			name = WebView;
			productName = WebView;
			productReference = F0000000000000000009 /* WebView.app */;
			productType = "com.apple.product-type.application";
		};
/* End PBXNativeTarget section */

/* Begin PBXProject section */
		PR000000000000000001 /* Project object */ = {
			isa = PBXProject;
			attributes = {
				BuildIndependentTargetsInParallel = 1;
				LastSwiftUpdateCheck = 1600;
				LastUpgradeCheck = 1600;
				TargetAttributes = {
					T0000000000000000001 = {
						CreatedOnToolsVersion = 16.0;
					};
				};
			};
			buildConfigurationList = CL000000000000000001 /* Build configuration list for PBXProject "WebView" */;
			compatibilityVersion = "Xcode 14.0";
			developmentRegion = en;
			hasScannedForEncodings = 0;
			knownRegions = (
				en,
				Base,
			);
			mainGroup = G0000000000000000000;
			productRefGroup = G0000000000000000002 /* Products */;
			projectDirPath = "";
			projectRoot = "";
			targets = (
				T0000000000000000001 /* WebView */,
			);
		};
/* End PBXProject section */

/* Begin PBXResourcesBuildPhase section */
		P0000000000000000003 /* Resources */ = {
			isa = PBXResourcesBuildPhase;
			buildActionMask = 2147483647;
			files = (
				B0000000000000000007 /* Assets.xcassets in Resources */,
			);
			runOnlyForDeploymentPostprocessing = 0;
		};
/* End PBXResourcesBuildPhase section */

/* Begin PBXSourcesBuildPhase section */
		P0000000000000000001 /* Sources */ = {
			isa = PBXSourcesBuildPhase;
			buildActionMask = 2147483647;
			files = (
				B0000000000000000001 /* WebViewApp.swift in Sources */,
				B0000000000000000002 /* ContentView.swift in Sources */,
				B0000000000000000003 /* BrowserView.swift in Sources */,
				B0000000000000000004 /* WebView.swift in Sources */,
				B0000000000000000005 /* RecentsStore.swift in Sources */,
				B0000000000000000006 /* DocumentPicker.swift in Sources */,
				B0000000000000000008 /* RevealSlideDocument.swift in Sources */,
				B0000000000000000009 /* SlideEditorViewModel.swift in Sources */,
				B000000000000000000A /* SlideEditorView.swift in Sources */,
				B000000000000000000B /* DocumentWorkspaceView.swift in Sources */,
				B000000000000000000C /* SlideLayoutMetrics.swift in Sources */,
				B000000000000000000D /* SlideDeckPreviewView.swift in Sources */,
			);
			runOnlyForDeploymentPostprocessing = 0;
		};
/* End PBXSourcesBuildPhase section */

/* Begin XCBuildConfiguration section */
		C0000000000000000001 /* Debug */ = {
			isa = XCBuildConfiguration;
			buildSettings = {
				ALWAYS_SEARCH_USER_PATHS = NO;
				CLANG_ANALYZER_NONNULL = YES;
				CLANG_ENABLE_MODULES = YES;
				CLANG_ENABLE_OBJC_ARC = YES;
				COPY_PHASE_STRIP = NO;
				DEBUG_INFORMATION_FORMAT = dwarf;
				ENABLE_STRICT_OBJC_MSGSEND = YES;
				ENABLE_TESTABILITY = YES;
				GCC_DYNAMIC_NO_PIC = NO;
				GCC_NO_COMMON_BLOCKS = YES;
				GCC_OPTIMIZATION_LEVEL = 0;
				GCC_PREPROCESSOR_DEFINITIONS = (
					"DEBUG=1",
					"$(inherited)",
				);
				IPHONEOS_DEPLOYMENT_TARGET = 16.0;
				MTL_ENABLE_DEBUG_INFO = INCLUDE_SOURCE;
				MTL_FAST_MATH = YES;
				ONLY_ACTIVE_ARCH = YES;
				SDKROOT = iphoneos;
				SWIFT_ACTIVE_COMPILATION_CONDITIONS = DEBUG;
				SWIFT_OPTIMIZATION_LEVEL = "-Onone";
			};
			name = Debug;
		};
		C0000000000000000002 /* Release */ = {
			isa = XCBuildConfiguration;
			buildSettings = {
				ALWAYS_SEARCH_USER_PATHS = NO;
				CLANG_ANALYZER_NONNULL = YES;
				CLANG_ENABLE_MODULES = YES;
				CLANG_ENABLE_OBJC_ARC = YES;
				COPY_PHASE_STRIP = NO;
				DEBUG_INFORMATION_FORMAT = "dwarf-with-dsym";
				ENABLE_NS_ASSERTIONS = NO;
				ENABLE_STRICT_OBJC_MSGSEND = YES;
				GCC_NO_COMMON_BLOCKS = YES;
				IPHONEOS_DEPLOYMENT_TARGET = 16.0;
				MTL_ENABLE_DEBUG_INFO = NO;
				MTL_FAST_MATH = YES;
				SDKROOT = iphoneos;
				SWIFT_COMPILATION_MODE = wholemodule;
				SWIFT_OPTIMIZATION_LEVEL = "-O";
				VALIDATE_PRODUCT = YES;
			};
			name = Release;
		};
		C0000000000000000003 /* Debug */ = {
			isa = XCBuildConfiguration;
			buildSettings = {
				ASSETCATALOG_COMPILER_APPICON_NAME = AppIcon;
				ASSETCATALOG_COMPILER_GLOBAL_ACCENT_COLOR_NAME = AccentColor;
				CODE_SIGN_STYLE = Automatic;
				CURRENT_PROJECT_VERSION = 1;
				DEVELOPMENT_TEAM = 9AWEB9NYHH;
				ENABLE_PREVIEWS = YES;
				GENERATE_INFOPLIST_FILE = NO;
				INFOPLIST_FILE = WebView/Info.plist;
				IPHONEOS_DEPLOYMENT_TARGET = 16.0;
				LD_RUNPATH_SEARCH_PATHS = (
					"$(inherited)",
					"@executable_path/Frameworks",
				);
				MARKETING_VERSION = 1.0;
				PRODUCT_BUNDLE_IDENTIFIER = com.example.WebView;
				PRODUCT_NAME = "$(TARGET_NAME)";
				SWIFT_EMIT_LOC_STRINGS = YES;
				SWIFT_VERSION = 5.0;
				TARGETED_DEVICE_FAMILY = "1,2";
			};
			name = Debug;
		};
		C0000000000000000004 /* Release */ = {
			isa = XCBuildConfiguration;
			buildSettings = {
				ASSETCATALOG_COMPILER_APPICON_NAME = AppIcon;
				ASSETCATALOG_COMPILER_GLOBAL_ACCENT_COLOR_NAME = AccentColor;
				CODE_SIGN_STYLE = Automatic;
				CURRENT_PROJECT_VERSION = 1;
				DEVELOPMENT_TEAM = 9AWEB9NYHH;
				ENABLE_PREVIEWS = YES;
				GENERATE_INFOPLIST_FILE = NO;
				INFOPLIST_FILE = WebView/Info.plist;
				IPHONEOS_DEPLOYMENT_TARGET = 16.0;
				LD_RUNPATH_SEARCH_PATHS = (
					"$(inherited)",
					"@executable_path/Frameworks",
				);
				MARKETING_VERSION = 1.0;
				PRODUCT_BUNDLE_IDENTIFIER = com.example.WebView;
				PRODUCT_NAME = "$(TARGET_NAME)";
				SWIFT_EMIT_LOC_STRINGS = YES;
				SWIFT_VERSION = 5.0;
				TARGETED_DEVICE_FAMILY = "1,2";
			};
			name = Release;
		};
/* End XCBuildConfiguration section */

/* Begin XCConfigurationList section */
		CL000000000000000001 /* Build configuration list for PBXProject "WebView" */ = {
			isa = XCConfigurationList;
			buildConfigurations = (
				C0000000000000000001 /* Debug */,
				C0000000000000000002 /* Release */,
			);
			defaultConfigurationIsVisible = 0;
			defaultConfigurationName = Release;
		};
		CL000000000000000002 /* Build configuration list for PBXNativeTarget "WebView" */ = {
			isa = XCConfigurationList;
			buildConfigurations = (
				C0000000000000000003 /* Debug */,
				C0000000000000000004 /* Release */,
			);
			defaultConfigurationIsVisible = 0;
			defaultConfigurationName = Release;
		};
/* End XCConfigurationList section */
	};
	rootObject = PR000000000000000001 /* Project object */;
}
